
Microsoft Visual Studio Solution File, Format Version 12.00
# Visual Studio 15
VisualStudioVersion = 15.0.26730.12
MinimumVisualStudioVersion = 10.0.40219.1
Project("{FAE04EC0-301F-11D3-BF4B-00C04F79EFBC}") = "Character Builder 5 WinForms", "Character Builder 5\Character Builder 5 WinForms.csproj", "{D13C103F-53AA-4A9B-89B6-69BFC4DEC0E7}"
EndProject
Project("{FAE04EC0-301F-11D3-BF4B-00C04F79EFBC}") = "OGL Elements", "oglelements\OGL Elements.csproj", "{A6D62EC7-9D12-44AE-8ECA-61D436C5D9BD}"
EndProject
Project("{FAE04EC0-301F-11D3-BF4B-00C04F79EFBC}") = "Character Builder Builder", "Character Builder Builder\Character Builder Builder.csproj", "{D6F8C899-E13C-448C-AEEA-5CA962AF659C}"
EndProject
Project("{FAE04EC0-301F-11D3-BF4B-00C04F79EFBC}") = "Character Builder Plugin", "Character Builder Plugin\Character Builder Plugin.csproj", "{578EC199-55FB-4830-B085-D16BBB9A22C8}"
EndProject
Project("{FAE04EC0-301F-11D3-BF4B-00C04F79EFBC}") = "PluginDMG", "PluginDMG\PluginDMG.csproj", "{45907531-B5F7-45FC-BA00-80550142D520}"
EndProject
Project("{FAE04EC0-301F-11D3-BF4B-00C04F79EFBC}") = "Character Builder Base", "Character Builder Base\Character Builder Base.csproj", "{07782F39-5E74-4400-AF78-93826D529B43}"
EndProject
Project("{FAE04EC0-301F-11D3-BF4B-00C04F79EFBC}") = "Character Builder Static", "Character Builder Static\Character Builder Static.csproj", "{8AD49ACA-D834-4E40-BEB7-B7DAD920B023}"
EndProject
Project("{FAE04EC0-301F-11D3-BF4B-00C04F79EFBC}") = "Character Builder Forms", "WinForms Common\Character Builder Forms.csproj", "{EEEB4A2A-17BB-4EC6-A331-0C409F468E44}"
EndProject
Project("{FAE04EC0-301F-11D3-BF4B-00C04F79EFBC}") = "NCalc2", "NCalc2\NCalc2.csproj", "{C0DD223D-D679-4B5E-ABAC-5B662D7A7FA2}"
EndProject
Project("{FAE04EC0-301F-11D3-BF4B-00C04F79EFBC}") = "CB_5e", "CB 5e\CB_5e\CB_5e.csproj", "{4EFB7F3C-0E08-4E9E-BF2B-7B08FBD326A1}"
EndProject
Project("{FAE04EC0-301F-11D3-BF4B-00C04F79EFBC}") = "CB_5e.Android", "CB 5e\CB_5e.Android\CB_5e.Android.csproj", "{66D46AC0-8564-4CA8-9B17-CB34350F3ECB}"
EndProject
Project("{FAE04EC0-301F-11D3-BF4B-00C04F79EFBC}") = "CB_5e.iOS", "CB 5e\CB_5e.iOS\CB_5e.iOS.csproj", "{B9F6FD66-5946-44CE-A028-8B9C254ED121}"
EndProject
Project("{FAE04EC0-301F-11D3-BF4B-00C04F79EFBC}") = "CB_5e.UWP", "CB 5e\CB_5e.UWP\CB_5e.UWP.csproj", "{DD82A91C-1852-43C5-9E9F-420F2900C052}"
EndProject
Project("{FAE04EC0-301F-11D3-BF4B-00C04F79EFBC}") = "Data Browser", "Data Browser\Data Browser.csproj", "{30FF38FE-A693-4CFE-8F0E-42FB6C6DC8F0}"
EndProject
Global
	GlobalSection(SolutionConfigurationPlatforms) = preSolution
		Android|Any CPU = Android|Any CPU
		Android|ARM = Android|ARM
		Android|iPhone = Android|iPhone
		Android|iPhoneSimulator = Android|iPhoneSimulator
		Android|x64 = Android|x64
		Android|x86 = Android|x86
		Debug|Any CPU = Debug|Any CPU
		Debug|ARM = Debug|ARM
		Debug|iPhone = Debug|iPhone
		Debug|iPhoneSimulator = Debug|iPhoneSimulator
		Debug|x64 = Debug|x64
		Debug|x86 = Debug|x86
		Release|Any CPU = Release|Any CPU
		Release|ARM = Release|ARM
		Release|iPhone = Release|iPhone
		Release|iPhoneSimulator = Release|iPhoneSimulator
		Release|x64 = Release|x64
		Release|x86 = Release|x86
	EndGlobalSection
	GlobalSection(ProjectConfigurationPlatforms) = postSolution
		{D13C103F-53AA-4A9B-89B6-69BFC4DEC0E7}.Android|Any CPU.ActiveCfg = Android|Any CPU
		{D13C103F-53AA-4A9B-89B6-69BFC4DEC0E7}.Android|ARM.ActiveCfg = Android|Any CPU
		{D13C103F-53AA-4A9B-89B6-69BFC4DEC0E7}.Android|ARM.Build.0 = Android|Any CPU
		{D13C103F-53AA-4A9B-89B6-69BFC4DEC0E7}.Android|iPhone.ActiveCfg = Android|Any CPU
		{D13C103F-53AA-4A9B-89B6-69BFC4DEC0E7}.Android|iPhone.Build.0 = Android|Any CPU
		{D13C103F-53AA-4A9B-89B6-69BFC4DEC0E7}.Android|iPhoneSimulator.ActiveCfg = Android|Any CPU
		{D13C103F-53AA-4A9B-89B6-69BFC4DEC0E7}.Android|iPhoneSimulator.Build.0 = Android|Any CPU
		{D13C103F-53AA-4A9B-89B6-69BFC4DEC0E7}.Android|x64.ActiveCfg = Android|Any CPU
		{D13C103F-53AA-4A9B-89B6-69BFC4DEC0E7}.Android|x86.ActiveCfg = Android|Any CPU
		{D13C103F-53AA-4A9B-89B6-69BFC4DEC0E7}.Android|x86.Build.0 = Android|Any CPU
		{D13C103F-53AA-4A9B-89B6-69BFC4DEC0E7}.Debug|Any CPU.ActiveCfg = Debug|Any CPU
		{D13C103F-53AA-4A9B-89B6-69BFC4DEC0E7}.Debug|Any CPU.Build.0 = Debug|Any CPU
		{D13C103F-53AA-4A9B-89B6-69BFC4DEC0E7}.Debug|ARM.ActiveCfg = Debug|Any CPU
		{D13C103F-53AA-4A9B-89B6-69BFC4DEC0E7}.Debug|ARM.Build.0 = Debug|Any CPU
		{D13C103F-53AA-4A9B-89B6-69BFC4DEC0E7}.Debug|iPhone.ActiveCfg = Debug|Any CPU
		{D13C103F-53AA-4A9B-89B6-69BFC4DEC0E7}.Debug|iPhone.Build.0 = Debug|Any CPU
		{D13C103F-53AA-4A9B-89B6-69BFC4DEC0E7}.Debug|iPhoneSimulator.ActiveCfg = Debug|Any CPU
		{D13C103F-53AA-4A9B-89B6-69BFC4DEC0E7}.Debug|iPhoneSimulator.Build.0 = Debug|Any CPU
		{D13C103F-53AA-4A9B-89B6-69BFC4DEC0E7}.Debug|x64.ActiveCfg = Debug|Any CPU
		{D13C103F-53AA-4A9B-89B6-69BFC4DEC0E7}.Debug|x64.Build.0 = Debug|Any CPU
		{D13C103F-53AA-4A9B-89B6-69BFC4DEC0E7}.Debug|x86.ActiveCfg = Debug|Any CPU
		{D13C103F-53AA-4A9B-89B6-69BFC4DEC0E7}.Debug|x86.Build.0 = Debug|Any CPU
		{D13C103F-53AA-4A9B-89B6-69BFC4DEC0E7}.Release|Any CPU.ActiveCfg = Release|Any CPU
		{D13C103F-53AA-4A9B-89B6-69BFC4DEC0E7}.Release|Any CPU.Build.0 = Release|Any CPU
		{D13C103F-53AA-4A9B-89B6-69BFC4DEC0E7}.Release|ARM.ActiveCfg = Release|Any CPU
		{D13C103F-53AA-4A9B-89B6-69BFC4DEC0E7}.Release|ARM.Build.0 = Release|Any CPU
		{D13C103F-53AA-4A9B-89B6-69BFC4DEC0E7}.Release|iPhone.ActiveCfg = Release|Any CPU
		{D13C103F-53AA-4A9B-89B6-69BFC4DEC0E7}.Release|iPhone.Build.0 = Release|Any CPU
		{D13C103F-53AA-4A9B-89B6-69BFC4DEC0E7}.Release|iPhoneSimulator.ActiveCfg = Release|Any CPU
		{D13C103F-53AA-4A9B-89B6-69BFC4DEC0E7}.Release|iPhoneSimulator.Build.0 = Release|Any CPU
		{D13C103F-53AA-4A9B-89B6-69BFC4DEC0E7}.Release|x64.ActiveCfg = Release|Any CPU
		{D13C103F-53AA-4A9B-89B6-69BFC4DEC0E7}.Release|x64.Build.0 = Release|Any CPU
		{D13C103F-53AA-4A9B-89B6-69BFC4DEC0E7}.Release|x86.ActiveCfg = Release|Any CPU
		{D13C103F-53AA-4A9B-89B6-69BFC4DEC0E7}.Release|x86.Build.0 = Release|Any CPU
		{A6D62EC7-9D12-44AE-8ECA-61D436C5D9BD}.Android|Any CPU.ActiveCfg = Android|Any CPU
		{A6D62EC7-9D12-44AE-8ECA-61D436C5D9BD}.Android|Any CPU.Build.0 = Android|Any CPU
		{A6D62EC7-9D12-44AE-8ECA-61D436C5D9BD}.Android|ARM.ActiveCfg = Android|Any CPU
		{A6D62EC7-9D12-44AE-8ECA-61D436C5D9BD}.Android|ARM.Build.0 = Android|Any CPU
		{A6D62EC7-9D12-44AE-8ECA-61D436C5D9BD}.Android|iPhone.ActiveCfg = Android|Any CPU
		{A6D62EC7-9D12-44AE-8ECA-61D436C5D9BD}.Android|iPhone.Build.0 = Android|Any CPU
		{A6D62EC7-9D12-44AE-8ECA-61D436C5D9BD}.Android|iPhoneSimulator.ActiveCfg = Android|Any CPU
		{A6D62EC7-9D12-44AE-8ECA-61D436C5D9BD}.Android|iPhoneSimulator.Build.0 = Android|Any CPU
		{A6D62EC7-9D12-44AE-8ECA-61D436C5D9BD}.Android|x64.ActiveCfg = Android|Any CPU
		{A6D62EC7-9D12-44AE-8ECA-61D436C5D9BD}.Android|x64.Build.0 = Android|Any CPU
		{A6D62EC7-9D12-44AE-8ECA-61D436C5D9BD}.Android|x86.ActiveCfg = Android|Any CPU
		{A6D62EC7-9D12-44AE-8ECA-61D436C5D9BD}.Android|x86.Build.0 = Android|Any CPU
		{A6D62EC7-9D12-44AE-8ECA-61D436C5D9BD}.Debug|Any CPU.ActiveCfg = Debug|Any CPU
		{A6D62EC7-9D12-44AE-8ECA-61D436C5D9BD}.Debug|Any CPU.Build.0 = Debug|Any CPU
		{A6D62EC7-9D12-44AE-8ECA-61D436C5D9BD}.Debug|ARM.ActiveCfg = Debug|Any CPU
		{A6D62EC7-9D12-44AE-8ECA-61D436C5D9BD}.Debug|ARM.Build.0 = Debug|Any CPU
		{A6D62EC7-9D12-44AE-8ECA-61D436C5D9BD}.Debug|iPhone.ActiveCfg = Debug|Any CPU
		{A6D62EC7-9D12-44AE-8ECA-61D436C5D9BD}.Debug|iPhone.Build.0 = Debug|Any CPU
		{A6D62EC7-9D12-44AE-8ECA-61D436C5D9BD}.Debug|iPhoneSimulator.ActiveCfg = Debug|Any CPU
		{A6D62EC7-9D12-44AE-8ECA-61D436C5D9BD}.Debug|iPhoneSimulator.Build.0 = Debug|Any CPU
		{A6D62EC7-9D12-44AE-8ECA-61D436C5D9BD}.Debug|x64.ActiveCfg = Debug|Any CPU
		{A6D62EC7-9D12-44AE-8ECA-61D436C5D9BD}.Debug|x64.Build.0 = Debug|Any CPU
		{A6D62EC7-9D12-44AE-8ECA-61D436C5D9BD}.Debug|x86.ActiveCfg = Debug|Any CPU
		{A6D62EC7-9D12-44AE-8ECA-61D436C5D9BD}.Debug|x86.Build.0 = Debug|Any CPU
		{A6D62EC7-9D12-44AE-8ECA-61D436C5D9BD}.Release|Any CPU.ActiveCfg = Release|Any CPU
		{A6D62EC7-9D12-44AE-8ECA-61D436C5D9BD}.Release|Any CPU.Build.0 = Release|Any CPU
		{A6D62EC7-9D12-44AE-8ECA-61D436C5D9BD}.Release|ARM.ActiveCfg = Release|Any CPU
		{A6D62EC7-9D12-44AE-8ECA-61D436C5D9BD}.Release|ARM.Build.0 = Release|Any CPU
		{A6D62EC7-9D12-44AE-8ECA-61D436C5D9BD}.Release|iPhone.ActiveCfg = Release|Any CPU
		{A6D62EC7-9D12-44AE-8ECA-61D436C5D9BD}.Release|iPhone.Build.0 = Release|Any CPU
		{A6D62EC7-9D12-44AE-8ECA-61D436C5D9BD}.Release|iPhoneSimulator.ActiveCfg = Release|Any CPU
		{A6D62EC7-9D12-44AE-8ECA-61D436C5D9BD}.Release|iPhoneSimulator.Build.0 = Release|Any CPU
		{A6D62EC7-9D12-44AE-8ECA-61D436C5D9BD}.Release|x64.ActiveCfg = Release|Any CPU
		{A6D62EC7-9D12-44AE-8ECA-61D436C5D9BD}.Release|x64.Build.0 = Release|Any CPU
		{A6D62EC7-9D12-44AE-8ECA-61D436C5D9BD}.Release|x86.ActiveCfg = Release|Any CPU
		{A6D62EC7-9D12-44AE-8ECA-61D436C5D9BD}.Release|x86.Build.0 = Release|Any CPU
		{D6F8C899-E13C-448C-AEEA-5CA962AF659C}.Android|Any CPU.ActiveCfg = Android|Any CPU
		{D6F8C899-E13C-448C-AEEA-5CA962AF659C}.Android|ARM.ActiveCfg = Android|Any CPU
		{D6F8C899-E13C-448C-AEEA-5CA962AF659C}.Android|ARM.Build.0 = Android|Any CPU
		{D6F8C899-E13C-448C-AEEA-5CA962AF659C}.Android|iPhone.ActiveCfg = Android|Any CPU
		{D6F8C899-E13C-448C-AEEA-5CA962AF659C}.Android|iPhone.Build.0 = Android|Any CPU
		{D6F8C899-E13C-448C-AEEA-5CA962AF659C}.Android|iPhoneSimulator.ActiveCfg = Android|Any CPU
		{D6F8C899-E13C-448C-AEEA-5CA962AF659C}.Android|iPhoneSimulator.Build.0 = Android|Any CPU
		{D6F8C899-E13C-448C-AEEA-5CA962AF659C}.Android|x64.ActiveCfg = Android|Any CPU
		{D6F8C899-E13C-448C-AEEA-5CA962AF659C}.Android|x86.ActiveCfg = Android|Any CPU
		{D6F8C899-E13C-448C-AEEA-5CA962AF659C}.Android|x86.Build.0 = Android|Any CPU
		{D6F8C899-E13C-448C-AEEA-5CA962AF659C}.Debug|Any CPU.ActiveCfg = Debug|Any CPU
		{D6F8C899-E13C-448C-AEEA-5CA962AF659C}.Debug|Any CPU.Build.0 = Debug|Any CPU
		{D6F8C899-E13C-448C-AEEA-5CA962AF659C}.Debug|ARM.ActiveCfg = Debug|Any CPU
		{D6F8C899-E13C-448C-AEEA-5CA962AF659C}.Debug|ARM.Build.0 = Debug|Any CPU
		{D6F8C899-E13C-448C-AEEA-5CA962AF659C}.Debug|iPhone.ActiveCfg = Debug|Any CPU
		{D6F8C899-E13C-448C-AEEA-5CA962AF659C}.Debug|iPhone.Build.0 = Debug|Any CPU
		{D6F8C899-E13C-448C-AEEA-5CA962AF659C}.Debug|iPhoneSimulator.ActiveCfg = Debug|Any CPU
		{D6F8C899-E13C-448C-AEEA-5CA962AF659C}.Debug|iPhoneSimulator.Build.0 = Debug|Any CPU
		{D6F8C899-E13C-448C-AEEA-5CA962AF659C}.Debug|x64.ActiveCfg = Debug|Any CPU
		{D6F8C899-E13C-448C-AEEA-5CA962AF659C}.Debug|x64.Build.0 = Debug|Any CPU
		{D6F8C899-E13C-448C-AEEA-5CA962AF659C}.Debug|x86.ActiveCfg = Debug|Any CPU
		{D6F8C899-E13C-448C-AEEA-5CA962AF659C}.Debug|x86.Build.0 = Debug|Any CPU
		{D6F8C899-E13C-448C-AEEA-5CA962AF659C}.Release|Any CPU.ActiveCfg = Release|Any CPU
		{D6F8C899-E13C-448C-AEEA-5CA962AF659C}.Release|Any CPU.Build.0 = Release|Any CPU
		{D6F8C899-E13C-448C-AEEA-5CA962AF659C}.Release|ARM.ActiveCfg = Release|Any CPU
		{D6F8C899-E13C-448C-AEEA-5CA962AF659C}.Release|ARM.Build.0 = Release|Any CPU
		{D6F8C899-E13C-448C-AEEA-5CA962AF659C}.Release|iPhone.ActiveCfg = Release|Any CPU
		{D6F8C899-E13C-448C-AEEA-5CA962AF659C}.Release|iPhone.Build.0 = Release|Any CPU
		{D6F8C899-E13C-448C-AEEA-5CA962AF659C}.Release|iPhoneSimulator.ActiveCfg = Release|Any CPU
		{D6F8C899-E13C-448C-AEEA-5CA962AF659C}.Release|iPhoneSimulator.Build.0 = Release|Any CPU
		{D6F8C899-E13C-448C-AEEA-5CA962AF659C}.Release|x64.ActiveCfg = Release|Any CPU
		{D6F8C899-E13C-448C-AEEA-5CA962AF659C}.Release|x64.Build.0 = Release|Any CPU
		{D6F8C899-E13C-448C-AEEA-5CA962AF659C}.Release|x86.ActiveCfg = Release|Any CPU
		{D6F8C899-E13C-448C-AEEA-5CA962AF659C}.Release|x86.Build.0 = Release|Any CPU
		{578EC199-55FB-4830-B085-D16BBB9A22C8}.Android|Any CPU.ActiveCfg = Android|Any CPU
		{578EC199-55FB-4830-B085-D16BBB9A22C8}.Android|Any CPU.Build.0 = Android|Any CPU
		{578EC199-55FB-4830-B085-D16BBB9A22C8}.Android|ARM.ActiveCfg = Android|Any CPU
		{578EC199-55FB-4830-B085-D16BBB9A22C8}.Android|ARM.Build.0 = Android|Any CPU
		{578EC199-55FB-4830-B085-D16BBB9A22C8}.Android|iPhone.ActiveCfg = Android|Any CPU
		{578EC199-55FB-4830-B085-D16BBB9A22C8}.Android|iPhone.Build.0 = Android|Any CPU
		{578EC199-55FB-4830-B085-D16BBB9A22C8}.Android|iPhoneSimulator.ActiveCfg = Android|Any CPU
		{578EC199-55FB-4830-B085-D16BBB9A22C8}.Android|iPhoneSimulator.Build.0 = Android|Any CPU
		{578EC199-55FB-4830-B085-D16BBB9A22C8}.Android|x64.ActiveCfg = Android|Any CPU
		{578EC199-55FB-4830-B085-D16BBB9A22C8}.Android|x64.Build.0 = Android|Any CPU
		{578EC199-55FB-4830-B085-D16BBB9A22C8}.Android|x86.ActiveCfg = Android|Any CPU
		{578EC199-55FB-4830-B085-D16BBB9A22C8}.Android|x86.Build.0 = Android|Any CPU
		{578EC199-55FB-4830-B085-D16BBB9A22C8}.Debug|Any CPU.ActiveCfg = Debug|Any CPU
		{578EC199-55FB-4830-B085-D16BBB9A22C8}.Debug|Any CPU.Build.0 = Debug|Any CPU
		{578EC199-55FB-4830-B085-D16BBB9A22C8}.Debug|ARM.ActiveCfg = Debug|Any CPU
		{578EC199-55FB-4830-B085-D16BBB9A22C8}.Debug|ARM.Build.0 = Debug|Any CPU
		{578EC199-55FB-4830-B085-D16BBB9A22C8}.Debug|iPhone.ActiveCfg = Debug|Any CPU
		{578EC199-55FB-4830-B085-D16BBB9A22C8}.Debug|iPhone.Build.0 = Debug|Any CPU
		{578EC199-55FB-4830-B085-D16BBB9A22C8}.Debug|iPhoneSimulator.ActiveCfg = Debug|Any CPU
		{578EC199-55FB-4830-B085-D16BBB9A22C8}.Debug|iPhoneSimulator.Build.0 = Debug|Any CPU
		{578EC199-55FB-4830-B085-D16BBB9A22C8}.Debug|x64.ActiveCfg = Debug|Any CPU
		{578EC199-55FB-4830-B085-D16BBB9A22C8}.Debug|x64.Build.0 = Debug|Any CPU
		{578EC199-55FB-4830-B085-D16BBB9A22C8}.Debug|x86.ActiveCfg = Debug|Any CPU
		{578EC199-55FB-4830-B085-D16BBB9A22C8}.Debug|x86.Build.0 = Debug|Any CPU
		{578EC199-55FB-4830-B085-D16BBB9A22C8}.Release|Any CPU.ActiveCfg = Release|Any CPU
		{578EC199-55FB-4830-B085-D16BBB9A22C8}.Release|Any CPU.Build.0 = Release|Any CPU
		{578EC199-55FB-4830-B085-D16BBB9A22C8}.Release|ARM.ActiveCfg = Release|Any CPU
		{578EC199-55FB-4830-B085-D16BBB9A22C8}.Release|ARM.Build.0 = Release|Any CPU
		{578EC199-55FB-4830-B085-D16BBB9A22C8}.Release|iPhone.ActiveCfg = Release|Any CPU
		{578EC199-55FB-4830-B085-D16BBB9A22C8}.Release|iPhone.Build.0 = Release|Any CPU
		{578EC199-55FB-4830-B085-D16BBB9A22C8}.Release|iPhoneSimulator.ActiveCfg = Release|Any CPU
		{578EC199-55FB-4830-B085-D16BBB9A22C8}.Release|iPhoneSimulator.Build.0 = Release|Any CPU
		{578EC199-55FB-4830-B085-D16BBB9A22C8}.Release|x64.ActiveCfg = Release|Any CPU
		{578EC199-55FB-4830-B085-D16BBB9A22C8}.Release|x64.Build.0 = Release|Any CPU
		{578EC199-55FB-4830-B085-D16BBB9A22C8}.Release|x86.ActiveCfg = Release|Any CPU
		{578EC199-55FB-4830-B085-D16BBB9A22C8}.Release|x86.Build.0 = Release|Any CPU
		{45907531-B5F7-45FC-BA00-80550142D520}.Android|Any CPU.ActiveCfg = Android|Any CPU
		{45907531-B5F7-45FC-BA00-80550142D520}.Android|Any CPU.Build.0 = Android|Any CPU
		{45907531-B5F7-45FC-BA00-80550142D520}.Android|ARM.ActiveCfg = Android|Any CPU
		{45907531-B5F7-45FC-BA00-80550142D520}.Android|ARM.Build.0 = Android|Any CPU
		{45907531-B5F7-45FC-BA00-80550142D520}.Android|iPhone.ActiveCfg = Android|Any CPU
		{45907531-B5F7-45FC-BA00-80550142D520}.Android|iPhone.Build.0 = Android|Any CPU
		{45907531-B5F7-45FC-BA00-80550142D520}.Android|iPhoneSimulator.ActiveCfg = Android|Any CPU
		{45907531-B5F7-45FC-BA00-80550142D520}.Android|iPhoneSimulator.Build.0 = Android|Any CPU
		{45907531-B5F7-45FC-BA00-80550142D520}.Android|x64.ActiveCfg = Android|Any CPU
		{45907531-B5F7-45FC-BA00-80550142D520}.Android|x64.Build.0 = Android|Any CPU
		{45907531-B5F7-45FC-BA00-80550142D520}.Android|x86.ActiveCfg = Android|Any CPU
		{45907531-B5F7-45FC-BA00-80550142D520}.Android|x86.Build.0 = Android|Any CPU
		{45907531-B5F7-45FC-BA00-80550142D520}.Debug|Any CPU.ActiveCfg = Debug|Any CPU
		{45907531-B5F7-45FC-BA00-80550142D520}.Debug|Any CPU.Build.0 = Debug|Any CPU
		{45907531-B5F7-45FC-BA00-80550142D520}.Debug|ARM.ActiveCfg = Debug|Any CPU
		{45907531-B5F7-45FC-BA00-80550142D520}.Debug|ARM.Build.0 = Debug|Any CPU
		{45907531-B5F7-45FC-BA00-80550142D520}.Debug|iPhone.ActiveCfg = Debug|Any CPU
		{45907531-B5F7-45FC-BA00-80550142D520}.Debug|iPhone.Build.0 = Debug|Any CPU
		{45907531-B5F7-45FC-BA00-80550142D520}.Debug|iPhoneSimulator.ActiveCfg = Debug|Any CPU
		{45907531-B5F7-45FC-BA00-80550142D520}.Debug|iPhoneSimulator.Build.0 = Debug|Any CPU
		{45907531-B5F7-45FC-BA00-80550142D520}.Debug|x64.ActiveCfg = Debug|Any CPU
		{45907531-B5F7-45FC-BA00-80550142D520}.Debug|x64.Build.0 = Debug|Any CPU
		{45907531-B5F7-45FC-BA00-80550142D520}.Debug|x86.ActiveCfg = Debug|Any CPU
		{45907531-B5F7-45FC-BA00-80550142D520}.Debug|x86.Build.0 = Debug|Any CPU
		{45907531-B5F7-45FC-BA00-80550142D520}.Release|Any CPU.ActiveCfg = Release|Any CPU
		{45907531-B5F7-45FC-BA00-80550142D520}.Release|Any CPU.Build.0 = Release|Any CPU
		{45907531-B5F7-45FC-BA00-80550142D520}.Release|ARM.ActiveCfg = Release|Any CPU
		{45907531-B5F7-45FC-BA00-80550142D520}.Release|ARM.Build.0 = Release|Any CPU
		{45907531-B5F7-45FC-BA00-80550142D520}.Release|iPhone.ActiveCfg = Release|Any CPU
		{45907531-B5F7-45FC-BA00-80550142D520}.Release|iPhone.Build.0 = Release|Any CPU
		{45907531-B5F7-45FC-BA00-80550142D520}.Release|iPhoneSimulator.ActiveCfg = Release|Any CPU
		{45907531-B5F7-45FC-BA00-80550142D520}.Release|iPhoneSimulator.Build.0 = Release|Any CPU
		{45907531-B5F7-45FC-BA00-80550142D520}.Release|x64.ActiveCfg = Release|Any CPU
		{45907531-B5F7-45FC-BA00-80550142D520}.Release|x64.Build.0 = Release|Any CPU
		{45907531-B5F7-45FC-BA00-80550142D520}.Release|x86.ActiveCfg = Release|Any CPU
		{45907531-B5F7-45FC-BA00-80550142D520}.Release|x86.Build.0 = Release|Any CPU
		{07782F39-5E74-4400-AF78-93826D529B43}.Android|Any CPU.ActiveCfg = Android|Any CPU
		{07782F39-5E74-4400-AF78-93826D529B43}.Android|Any CPU.Build.0 = Android|Any CPU
		{07782F39-5E74-4400-AF78-93826D529B43}.Android|ARM.ActiveCfg = Android|Any CPU
		{07782F39-5E74-4400-AF78-93826D529B43}.Android|ARM.Build.0 = Android|Any CPU
		{07782F39-5E74-4400-AF78-93826D529B43}.Android|iPhone.ActiveCfg = Android|Any CPU
		{07782F39-5E74-4400-AF78-93826D529B43}.Android|iPhone.Build.0 = Android|Any CPU
		{07782F39-5E74-4400-AF78-93826D529B43}.Android|iPhoneSimulator.ActiveCfg = Android|Any CPU
		{07782F39-5E74-4400-AF78-93826D529B43}.Android|iPhoneSimulator.Build.0 = Android|Any CPU
		{07782F39-5E74-4400-AF78-93826D529B43}.Android|x64.ActiveCfg = Android|Any CPU
		{07782F39-5E74-4400-AF78-93826D529B43}.Android|x64.Build.0 = Android|Any CPU
		{07782F39-5E74-4400-AF78-93826D529B43}.Android|x86.ActiveCfg = Android|Any CPU
		{07782F39-5E74-4400-AF78-93826D529B43}.Android|x86.Build.0 = Android|Any CPU
		{07782F39-5E74-4400-AF78-93826D529B43}.Debug|Any CPU.ActiveCfg = Debug|Any CPU
		{07782F39-5E74-4400-AF78-93826D529B43}.Debug|Any CPU.Build.0 = Debug|Any CPU
		{07782F39-5E74-4400-AF78-93826D529B43}.Debug|ARM.ActiveCfg = Debug|Any CPU
		{07782F39-5E74-4400-AF78-93826D529B43}.Debug|ARM.Build.0 = Debug|Any CPU
		{07782F39-5E74-4400-AF78-93826D529B43}.Debug|iPhone.ActiveCfg = Debug|Any CPU
		{07782F39-5E74-4400-AF78-93826D529B43}.Debug|iPhone.Build.0 = Debug|Any CPU
		{07782F39-5E74-4400-AF78-93826D529B43}.Debug|iPhoneSimulator.ActiveCfg = Debug|Any CPU
		{07782F39-5E74-4400-AF78-93826D529B43}.Debug|iPhoneSimulator.Build.0 = Debug|Any CPU
		{07782F39-5E74-4400-AF78-93826D529B43}.Debug|x64.ActiveCfg = Debug|Any CPU
		{07782F39-5E74-4400-AF78-93826D529B43}.Debug|x64.Build.0 = Debug|Any CPU
		{07782F39-5E74-4400-AF78-93826D529B43}.Debug|x86.ActiveCfg = Debug|Any CPU
		{07782F39-5E74-4400-AF78-93826D529B43}.Debug|x86.Build.0 = Debug|Any CPU
		{07782F39-5E74-4400-AF78-93826D529B43}.Release|Any CPU.ActiveCfg = Release|Any CPU
		{07782F39-5E74-4400-AF78-93826D529B43}.Release|Any CPU.Build.0 = Release|Any CPU
		{07782F39-5E74-4400-AF78-93826D529B43}.Release|ARM.ActiveCfg = Release|Any CPU
		{07782F39-5E74-4400-AF78-93826D529B43}.Release|ARM.Build.0 = Release|Any CPU
		{07782F39-5E74-4400-AF78-93826D529B43}.Release|iPhone.ActiveCfg = Release|Any CPU
		{07782F39-5E74-4400-AF78-93826D529B43}.Release|iPhone.Build.0 = Release|Any CPU
		{07782F39-5E74-4400-AF78-93826D529B43}.Release|iPhoneSimulator.ActiveCfg = Release|Any CPU
		{07782F39-5E74-4400-AF78-93826D529B43}.Release|iPhoneSimulator.Build.0 = Release|Any CPU
		{07782F39-5E74-4400-AF78-93826D529B43}.Release|x64.ActiveCfg = Release|Any CPU
		{07782F39-5E74-4400-AF78-93826D529B43}.Release|x64.Build.0 = Release|Any CPU
		{07782F39-5E74-4400-AF78-93826D529B43}.Release|x86.ActiveCfg = Release|Any CPU
		{07782F39-5E74-4400-AF78-93826D529B43}.Release|x86.Build.0 = Release|Any CPU
		{8AD49ACA-D834-4E40-BEB7-B7DAD920B023}.Android|Any CPU.ActiveCfg = Android|Any CPU
		{8AD49ACA-D834-4E40-BEB7-B7DAD920B023}.Android|Any CPU.Build.0 = Android|Any CPU
		{8AD49ACA-D834-4E40-BEB7-B7DAD920B023}.Android|ARM.ActiveCfg = Android|Any CPU
		{8AD49ACA-D834-4E40-BEB7-B7DAD920B023}.Android|ARM.Build.0 = Android|Any CPU
		{8AD49ACA-D834-4E40-BEB7-B7DAD920B023}.Android|iPhone.ActiveCfg = Android|Any CPU
		{8AD49ACA-D834-4E40-BEB7-B7DAD920B023}.Android|iPhone.Build.0 = Android|Any CPU
		{8AD49ACA-D834-4E40-BEB7-B7DAD920B023}.Android|iPhoneSimulator.ActiveCfg = Android|Any CPU
		{8AD49ACA-D834-4E40-BEB7-B7DAD920B023}.Android|iPhoneSimulator.Build.0 = Android|Any CPU
		{8AD49ACA-D834-4E40-BEB7-B7DAD920B023}.Android|x64.ActiveCfg = Android|Any CPU
		{8AD49ACA-D834-4E40-BEB7-B7DAD920B023}.Android|x64.Build.0 = Android|Any CPU
		{8AD49ACA-D834-4E40-BEB7-B7DAD920B023}.Android|x86.ActiveCfg = Android|Any CPU
		{8AD49ACA-D834-4E40-BEB7-B7DAD920B023}.Android|x86.Build.0 = Android|Any CPU
		{8AD49ACA-D834-4E40-BEB7-B7DAD920B023}.Debug|Any CPU.ActiveCfg = Debug|Any CPU
		{8AD49ACA-D834-4E40-BEB7-B7DAD920B023}.Debug|Any CPU.Build.0 = Debug|Any CPU
		{8AD49ACA-D834-4E40-BEB7-B7DAD920B023}.Debug|ARM.ActiveCfg = Debug|Any CPU
		{8AD49ACA-D834-4E40-BEB7-B7DAD920B023}.Debug|ARM.Build.0 = Debug|Any CPU
		{8AD49ACA-D834-4E40-BEB7-B7DAD920B023}.Debug|iPhone.ActiveCfg = Debug|Any CPU
		{8AD49ACA-D834-4E40-BEB7-B7DAD920B023}.Debug|iPhone.Build.0 = Debug|Any CPU
		{8AD49ACA-D834-4E40-BEB7-B7DAD920B023}.Debug|iPhoneSimulator.ActiveCfg = Debug|Any CPU
		{8AD49ACA-D834-4E40-BEB7-B7DAD920B023}.Debug|iPhoneSimulator.Build.0 = Debug|Any CPU
		{8AD49ACA-D834-4E40-BEB7-B7DAD920B023}.Debug|x64.ActiveCfg = Debug|Any CPU
		{8AD49ACA-D834-4E40-BEB7-B7DAD920B023}.Debug|x64.Build.0 = Debug|Any CPU
		{8AD49ACA-D834-4E40-BEB7-B7DAD920B023}.Debug|x86.ActiveCfg = Debug|Any CPU
		{8AD49ACA-D834-4E40-BEB7-B7DAD920B023}.Debug|x86.Build.0 = Debug|Any CPU
		{8AD49ACA-D834-4E40-BEB7-B7DAD920B023}.Release|Any CPU.ActiveCfg = Release|Any CPU
		{8AD49ACA-D834-4E40-BEB7-B7DAD920B023}.Release|Any CPU.Build.0 = Release|Any CPU
		{8AD49ACA-D834-4E40-BEB7-B7DAD920B023}.Release|ARM.ActiveCfg = Release|Any CPU
		{8AD49ACA-D834-4E40-BEB7-B7DAD920B023}.Release|ARM.Build.0 = Release|Any CPU
		{8AD49ACA-D834-4E40-BEB7-B7DAD920B023}.Release|iPhone.ActiveCfg = Release|Any CPU
		{8AD49ACA-D834-4E40-BEB7-B7DAD920B023}.Release|iPhone.Build.0 = Release|Any CPU
		{8AD49ACA-D834-4E40-BEB7-B7DAD920B023}.Release|iPhoneSimulator.ActiveCfg = Release|Any CPU
		{8AD49ACA-D834-4E40-BEB7-B7DAD920B023}.Release|iPhoneSimulator.Build.0 = Release|Any CPU
		{8AD49ACA-D834-4E40-BEB7-B7DAD920B023}.Release|x64.ActiveCfg = Release|Any CPU
		{8AD49ACA-D834-4E40-BEB7-B7DAD920B023}.Release|x64.Build.0 = Release|Any CPU
		{8AD49ACA-D834-4E40-BEB7-B7DAD920B023}.Release|x86.ActiveCfg = Release|Any CPU
		{8AD49ACA-D834-4E40-BEB7-B7DAD920B023}.Release|x86.Build.0 = Release|Any CPU
		{EEEB4A2A-17BB-4EC6-A331-0C409F468E44}.Android|Any CPU.ActiveCfg = Android|Any CPU
		{EEEB4A2A-17BB-4EC6-A331-0C409F468E44}.Android|ARM.ActiveCfg = Android|Any CPU
		{EEEB4A2A-17BB-4EC6-A331-0C409F468E44}.Android|ARM.Build.0 = Android|Any CPU
		{EEEB4A2A-17BB-4EC6-A331-0C409F468E44}.Android|iPhone.ActiveCfg = Android|Any CPU
		{EEEB4A2A-17BB-4EC6-A331-0C409F468E44}.Android|iPhone.Build.0 = Android|Any CPU
		{EEEB4A2A-17BB-4EC6-A331-0C409F468E44}.Android|iPhoneSimulator.ActiveCfg = Android|Any CPU
		{EEEB4A2A-17BB-4EC6-A331-0C409F468E44}.Android|iPhoneSimulator.Build.0 = Android|Any CPU
		{EEEB4A2A-17BB-4EC6-A331-0C409F468E44}.Android|x64.ActiveCfg = Android|Any CPU
		{EEEB4A2A-17BB-4EC6-A331-0C409F468E44}.Android|x86.ActiveCfg = Android|Any CPU
		{EEEB4A2A-17BB-4EC6-A331-0C409F468E44}.Android|x86.Build.0 = Android|Any CPU
		{EEEB4A2A-17BB-4EC6-A331-0C409F468E44}.Debug|Any CPU.ActiveCfg = Debug|Any CPU
		{EEEB4A2A-17BB-4EC6-A331-0C409F468E44}.Debug|Any CPU.Build.0 = Debug|Any CPU
		{EEEB4A2A-17BB-4EC6-A331-0C409F468E44}.Debug|ARM.ActiveCfg = Debug|Any CPU
		{EEEB4A2A-17BB-4EC6-A331-0C409F468E44}.Debug|ARM.Build.0 = Debug|Any CPU
		{EEEB4A2A-17BB-4EC6-A331-0C409F468E44}.Debug|iPhone.ActiveCfg = Debug|Any CPU
		{EEEB4A2A-17BB-4EC6-A331-0C409F468E44}.Debug|iPhone.Build.0 = Debug|Any CPU
		{EEEB4A2A-17BB-4EC6-A331-0C409F468E44}.Debug|iPhoneSimulator.ActiveCfg = Debug|Any CPU
		{EEEB4A2A-17BB-4EC6-A331-0C409F468E44}.Debug|iPhoneSimulator.Build.0 = Debug|Any CPU
		{EEEB4A2A-17BB-4EC6-A331-0C409F468E44}.Debug|x64.ActiveCfg = Debug|Any CPU
		{EEEB4A2A-17BB-4EC6-A331-0C409F468E44}.Debug|x64.Build.0 = Debug|Any CPU
		{EEEB4A2A-17BB-4EC6-A331-0C409F468E44}.Debug|x86.ActiveCfg = Debug|Any CPU
		{EEEB4A2A-17BB-4EC6-A331-0C409F468E44}.Debug|x86.Build.0 = Debug|Any CPU
		{EEEB4A2A-17BB-4EC6-A331-0C409F468E44}.Release|Any CPU.ActiveCfg = Release|Any CPU
		{EEEB4A2A-17BB-4EC6-A331-0C409F468E44}.Release|Any CPU.Build.0 = Release|Any CPU
		{EEEB4A2A-17BB-4EC6-A331-0C409F468E44}.Release|ARM.ActiveCfg = Release|Any CPU
		{EEEB4A2A-17BB-4EC6-A331-0C409F468E44}.Release|ARM.Build.0 = Release|Any CPU
		{EEEB4A2A-17BB-4EC6-A331-0C409F468E44}.Release|iPhone.ActiveCfg = Release|Any CPU
		{EEEB4A2A-17BB-4EC6-A331-0C409F468E44}.Release|iPhone.Build.0 = Release|Any CPU
		{EEEB4A2A-17BB-4EC6-A331-0C409F468E44}.Release|iPhoneSimulator.ActiveCfg = Release|Any CPU
		{EEEB4A2A-17BB-4EC6-A331-0C409F468E44}.Release|iPhoneSimulator.Build.0 = Release|Any CPU
		{EEEB4A2A-17BB-4EC6-A331-0C409F468E44}.Release|x64.ActiveCfg = Release|Any CPU
		{EEEB4A2A-17BB-4EC6-A331-0C409F468E44}.Release|x64.Build.0 = Release|Any CPU
		{EEEB4A2A-17BB-4EC6-A331-0C409F468E44}.Release|x86.ActiveCfg = Release|Any CPU
		{EEEB4A2A-17BB-4EC6-A331-0C409F468E44}.Release|x86.Build.0 = Release|Any CPU
		{C0DD223D-D679-4B5E-ABAC-5B662D7A7FA2}.Android|Any CPU.ActiveCfg = Android|Any CPU
		{C0DD223D-D679-4B5E-ABAC-5B662D7A7FA2}.Android|Any CPU.Build.0 = Android|Any CPU
		{C0DD223D-D679-4B5E-ABAC-5B662D7A7FA2}.Android|ARM.ActiveCfg = Android|Any CPU
		{C0DD223D-D679-4B5E-ABAC-5B662D7A7FA2}.Android|ARM.Build.0 = Android|Any CPU
		{C0DD223D-D679-4B5E-ABAC-5B662D7A7FA2}.Android|iPhone.ActiveCfg = Android|Any CPU
		{C0DD223D-D679-4B5E-ABAC-5B662D7A7FA2}.Android|iPhone.Build.0 = Android|Any CPU
		{C0DD223D-D679-4B5E-ABAC-5B662D7A7FA2}.Android|iPhoneSimulator.ActiveCfg = Android|Any CPU
		{C0DD223D-D679-4B5E-ABAC-5B662D7A7FA2}.Android|iPhoneSimulator.Build.0 = Android|Any CPU
		{C0DD223D-D679-4B5E-ABAC-5B662D7A7FA2}.Android|x64.ActiveCfg = Android|Any CPU
		{C0DD223D-D679-4B5E-ABAC-5B662D7A7FA2}.Android|x64.Build.0 = Android|Any CPU
		{C0DD223D-D679-4B5E-ABAC-5B662D7A7FA2}.Android|x86.ActiveCfg = Android|Any CPU
		{C0DD223D-D679-4B5E-ABAC-5B662D7A7FA2}.Android|x86.Build.0 = Android|Any CPU
		{C0DD223D-D679-4B5E-ABAC-5B662D7A7FA2}.Debug|Any CPU.ActiveCfg = Debug|Any CPU
		{C0DD223D-D679-4B5E-ABAC-5B662D7A7FA2}.Debug|Any CPU.Build.0 = Debug|Any CPU
		{C0DD223D-D679-4B5E-ABAC-5B662D7A7FA2}.Debug|ARM.ActiveCfg = Debug|Any CPU
		{C0DD223D-D679-4B5E-ABAC-5B662D7A7FA2}.Debug|ARM.Build.0 = Debug|Any CPU
		{C0DD223D-D679-4B5E-ABAC-5B662D7A7FA2}.Debug|iPhone.ActiveCfg = Debug|Any CPU
		{C0DD223D-D679-4B5E-ABAC-5B662D7A7FA2}.Debug|iPhone.Build.0 = Debug|Any CPU
		{C0DD223D-D679-4B5E-ABAC-5B662D7A7FA2}.Debug|iPhoneSimulator.ActiveCfg = Debug|Any CPU
		{C0DD223D-D679-4B5E-ABAC-5B662D7A7FA2}.Debug|iPhoneSimulator.Build.0 = Debug|Any CPU
		{C0DD223D-D679-4B5E-ABAC-5B662D7A7FA2}.Debug|x64.ActiveCfg = Debug|Any CPU
		{C0DD223D-D679-4B5E-ABAC-5B662D7A7FA2}.Debug|x64.Build.0 = Debug|Any CPU
		{C0DD223D-D679-4B5E-ABAC-5B662D7A7FA2}.Debug|x86.ActiveCfg = Debug|Any CPU
		{C0DD223D-D679-4B5E-ABAC-5B662D7A7FA2}.Debug|x86.Build.0 = Debug|Any CPU
		{C0DD223D-D679-4B5E-ABAC-5B662D7A7FA2}.Release|Any CPU.ActiveCfg = Release|Any CPU
		{C0DD223D-D679-4B5E-ABAC-5B662D7A7FA2}.Release|Any CPU.Build.0 = Release|Any CPU
		{C0DD223D-D679-4B5E-ABAC-5B662D7A7FA2}.Release|ARM.ActiveCfg = Release|Any CPU
		{C0DD223D-D679-4B5E-ABAC-5B662D7A7FA2}.Release|ARM.Build.0 = Release|Any CPU
		{C0DD223D-D679-4B5E-ABAC-5B662D7A7FA2}.Release|iPhone.ActiveCfg = Release|Any CPU
		{C0DD223D-D679-4B5E-ABAC-5B662D7A7FA2}.Release|iPhone.Build.0 = Release|Any CPU
		{C0DD223D-D679-4B5E-ABAC-5B662D7A7FA2}.Release|iPhoneSimulator.ActiveCfg = Release|Any CPU
		{C0DD223D-D679-4B5E-ABAC-5B662D7A7FA2}.Release|iPhoneSimulator.Build.0 = Release|Any CPU
		{C0DD223D-D679-4B5E-ABAC-5B662D7A7FA2}.Release|x64.ActiveCfg = Release|Any CPU
		{C0DD223D-D679-4B5E-ABAC-5B662D7A7FA2}.Release|x64.Build.0 = Release|Any CPU
		{C0DD223D-D679-4B5E-ABAC-5B662D7A7FA2}.Release|x86.ActiveCfg = Release|Any CPU
		{C0DD223D-D679-4B5E-ABAC-5B662D7A7FA2}.Release|x86.Build.0 = Release|Any CPU
		{4EFB7F3C-0E08-4E9E-BF2B-7B08FBD326A1}.Android|Any CPU.ActiveCfg = Android|Any CPU
		{4EFB7F3C-0E08-4E9E-BF2B-7B08FBD326A1}.Android|Any CPU.Build.0 = Android|Any CPU
		{4EFB7F3C-0E08-4E9E-BF2B-7B08FBD326A1}.Android|ARM.ActiveCfg = Android|Any CPU
		{4EFB7F3C-0E08-4E9E-BF2B-7B08FBD326A1}.Android|ARM.Build.0 = Android|Any CPU
		{4EFB7F3C-0E08-4E9E-BF2B-7B08FBD326A1}.Android|iPhone.ActiveCfg = Android|Any CPU
		{4EFB7F3C-0E08-4E9E-BF2B-7B08FBD326A1}.Android|iPhone.Build.0 = Android|Any CPU
		{4EFB7F3C-0E08-4E9E-BF2B-7B08FBD326A1}.Android|iPhoneSimulator.ActiveCfg = Android|Any CPU
		{4EFB7F3C-0E08-4E9E-BF2B-7B08FBD326A1}.Android|iPhoneSimulator.Build.0 = Android|Any CPU
		{4EFB7F3C-0E08-4E9E-BF2B-7B08FBD326A1}.Android|x64.ActiveCfg = Android|Any CPU
		{4EFB7F3C-0E08-4E9E-BF2B-7B08FBD326A1}.Android|x64.Build.0 = Android|Any CPU
		{4EFB7F3C-0E08-4E9E-BF2B-7B08FBD326A1}.Android|x86.ActiveCfg = Android|Any CPU
		{4EFB7F3C-0E08-4E9E-BF2B-7B08FBD326A1}.Android|x86.Build.0 = Android|Any CPU
		{4EFB7F3C-0E08-4E9E-BF2B-7B08FBD326A1}.Debug|Any CPU.ActiveCfg = Debug|Any CPU
		{4EFB7F3C-0E08-4E9E-BF2B-7B08FBD326A1}.Debug|Any CPU.Build.0 = Debug|Any CPU
		{4EFB7F3C-0E08-4E9E-BF2B-7B08FBD326A1}.Debug|ARM.ActiveCfg = Debug|Any CPU
		{4EFB7F3C-0E08-4E9E-BF2B-7B08FBD326A1}.Debug|ARM.Build.0 = Debug|Any CPU
		{4EFB7F3C-0E08-4E9E-BF2B-7B08FBD326A1}.Debug|iPhone.ActiveCfg = Debug|Any CPU
		{4EFB7F3C-0E08-4E9E-BF2B-7B08FBD326A1}.Debug|iPhone.Build.0 = Debug|Any CPU
		{4EFB7F3C-0E08-4E9E-BF2B-7B08FBD326A1}.Debug|iPhoneSimulator.ActiveCfg = Debug|Any CPU
		{4EFB7F3C-0E08-4E9E-BF2B-7B08FBD326A1}.Debug|iPhoneSimulator.Build.0 = Debug|Any CPU
		{4EFB7F3C-0E08-4E9E-BF2B-7B08FBD326A1}.Debug|x64.ActiveCfg = Debug|Any CPU
		{4EFB7F3C-0E08-4E9E-BF2B-7B08FBD326A1}.Debug|x64.Build.0 = Debug|Any CPU
		{4EFB7F3C-0E08-4E9E-BF2B-7B08FBD326A1}.Debug|x86.ActiveCfg = Debug|Any CPU
		{4EFB7F3C-0E08-4E9E-BF2B-7B08FBD326A1}.Debug|x86.Build.0 = Debug|Any CPU
		{4EFB7F3C-0E08-4E9E-BF2B-7B08FBD326A1}.Release|Any CPU.ActiveCfg = Release|Any CPU
		{4EFB7F3C-0E08-4E9E-BF2B-7B08FBD326A1}.Release|ARM.ActiveCfg = Release|Any CPU
		{4EFB7F3C-0E08-4E9E-BF2B-7B08FBD326A1}.Release|ARM.Build.0 = Release|Any CPU
		{4EFB7F3C-0E08-4E9E-BF2B-7B08FBD326A1}.Release|iPhone.ActiveCfg = Release|Any CPU
		{4EFB7F3C-0E08-4E9E-BF2B-7B08FBD326A1}.Release|iPhone.Build.0 = Release|Any CPU
		{4EFB7F3C-0E08-4E9E-BF2B-7B08FBD326A1}.Release|iPhoneSimulator.ActiveCfg = Release|Any CPU
		{4EFB7F3C-0E08-4E9E-BF2B-7B08FBD326A1}.Release|iPhoneSimulator.Build.0 = Release|Any CPU
		{4EFB7F3C-0E08-4E9E-BF2B-7B08FBD326A1}.Release|x64.ActiveCfg = Release|Any CPU
		{4EFB7F3C-0E08-4E9E-BF2B-7B08FBD326A1}.Release|x64.Build.0 = Release|Any CPU
		{4EFB7F3C-0E08-4E9E-BF2B-7B08FBD326A1}.Release|x86.ActiveCfg = Release|Any CPU
		{4EFB7F3C-0E08-4E9E-BF2B-7B08FBD326A1}.Release|x86.Build.0 = Release|Any CPU
		{66D46AC0-8564-4CA8-9B17-CB34350F3ECB}.Android|Any CPU.ActiveCfg = Android|Any CPU
		{66D46AC0-8564-4CA8-9B17-CB34350F3ECB}.Android|Any CPU.Build.0 = Android|Any CPU
		{66D46AC0-8564-4CA8-9B17-CB34350F3ECB}.Android|Any CPU.Deploy.0 = Android|Any CPU
		{66D46AC0-8564-4CA8-9B17-CB34350F3ECB}.Android|ARM.ActiveCfg = Android|Any CPU
		{66D46AC0-8564-4CA8-9B17-CB34350F3ECB}.Android|ARM.Build.0 = Android|Any CPU
		{66D46AC0-8564-4CA8-9B17-CB34350F3ECB}.Android|ARM.Deploy.0 = Android|Any CPU
		{66D46AC0-8564-4CA8-9B17-CB34350F3ECB}.Android|iPhone.ActiveCfg = Android|Any CPU
		{66D46AC0-8564-4CA8-9B17-CB34350F3ECB}.Android|iPhone.Build.0 = Android|Any CPU
		{66D46AC0-8564-4CA8-9B17-CB34350F3ECB}.Android|iPhone.Deploy.0 = Android|Any CPU
		{66D46AC0-8564-4CA8-9B17-CB34350F3ECB}.Android|iPhoneSimulator.ActiveCfg = Android|Any CPU
		{66D46AC0-8564-4CA8-9B17-CB34350F3ECB}.Android|iPhoneSimulator.Build.0 = Android|Any CPU
		{66D46AC0-8564-4CA8-9B17-CB34350F3ECB}.Android|iPhoneSimulator.Deploy.0 = Android|Any CPU
		{66D46AC0-8564-4CA8-9B17-CB34350F3ECB}.Android|x64.ActiveCfg = Android|Any CPU
		{66D46AC0-8564-4CA8-9B17-CB34350F3ECB}.Android|x64.Build.0 = Android|Any CPU
		{66D46AC0-8564-4CA8-9B17-CB34350F3ECB}.Android|x64.Deploy.0 = Android|Any CPU
		{66D46AC0-8564-4CA8-9B17-CB34350F3ECB}.Android|x86.ActiveCfg = Android|Any CPU
		{66D46AC0-8564-4CA8-9B17-CB34350F3ECB}.Android|x86.Build.0 = Android|Any CPU
		{66D46AC0-8564-4CA8-9B17-CB34350F3ECB}.Android|x86.Deploy.0 = Android|Any CPU
		{66D46AC0-8564-4CA8-9B17-CB34350F3ECB}.Debug|Any CPU.ActiveCfg = Debug|Any CPU
		{66D46AC0-8564-4CA8-9B17-CB34350F3ECB}.Debug|Any CPU.Build.0 = Debug|Any CPU
		{66D46AC0-8564-4CA8-9B17-CB34350F3ECB}.Debug|Any CPU.Deploy.0 = Debug|Any CPU
		{66D46AC0-8564-4CA8-9B17-CB34350F3ECB}.Debug|ARM.ActiveCfg = Debug|Any CPU
		{66D46AC0-8564-4CA8-9B17-CB34350F3ECB}.Debug|ARM.Build.0 = Debug|Any CPU
		{66D46AC0-8564-4CA8-9B17-CB34350F3ECB}.Debug|ARM.Deploy.0 = Debug|Any CPU
		{66D46AC0-8564-4CA8-9B17-CB34350F3ECB}.Debug|iPhone.ActiveCfg = Debug|Any CPU
		{66D46AC0-8564-4CA8-9B17-CB34350F3ECB}.Debug|iPhone.Build.0 = Debug|Any CPU
		{66D46AC0-8564-4CA8-9B17-CB34350F3ECB}.Debug|iPhone.Deploy.0 = Debug|Any CPU
		{66D46AC0-8564-4CA8-9B17-CB34350F3ECB}.Debug|iPhoneSimulator.ActiveCfg = Debug|Any CPU
		{66D46AC0-8564-4CA8-9B17-CB34350F3ECB}.Debug|iPhoneSimulator.Build.0 = Debug|Any CPU
		{66D46AC0-8564-4CA8-9B17-CB34350F3ECB}.Debug|iPhoneSimulator.Deploy.0 = Debug|Any CPU
		{66D46AC0-8564-4CA8-9B17-CB34350F3ECB}.Debug|x64.ActiveCfg = Debug|Any CPU
		{66D46AC0-8564-4CA8-9B17-CB34350F3ECB}.Debug|x64.Build.0 = Debug|Any CPU
		{66D46AC0-8564-4CA8-9B17-CB34350F3ECB}.Debug|x64.Deploy.0 = Debug|Any CPU
		{66D46AC0-8564-4CA8-9B17-CB34350F3ECB}.Debug|x86.ActiveCfg = Debug|Any CPU
		{66D46AC0-8564-4CA8-9B17-CB34350F3ECB}.Debug|x86.Build.0 = Debug|Any CPU
		{66D46AC0-8564-4CA8-9B17-CB34350F3ECB}.Debug|x86.Deploy.0 = Debug|Any CPU
		{66D46AC0-8564-4CA8-9B17-CB34350F3ECB}.Release|Any CPU.ActiveCfg = Release|Any CPU
		{66D46AC0-8564-4CA8-9B17-CB34350F3ECB}.Release|ARM.ActiveCfg = Release|Any CPU
		{66D46AC0-8564-4CA8-9B17-CB34350F3ECB}.Release|ARM.Build.0 = Release|Any CPU
		{66D46AC0-8564-4CA8-9B17-CB34350F3ECB}.Release|ARM.Deploy.0 = Release|Any CPU
		{66D46AC0-8564-4CA8-9B17-CB34350F3ECB}.Release|iPhone.ActiveCfg = Release|Any CPU
		{66D46AC0-8564-4CA8-9B17-CB34350F3ECB}.Release|iPhone.Build.0 = Release|Any CPU
		{66D46AC0-8564-4CA8-9B17-CB34350F3ECB}.Release|iPhone.Deploy.0 = Release|Any CPU
		{66D46AC0-8564-4CA8-9B17-CB34350F3ECB}.Release|iPhoneSimulator.ActiveCfg = Release|Any CPU
		{66D46AC0-8564-4CA8-9B17-CB34350F3ECB}.Release|iPhoneSimulator.Build.0 = Release|Any CPU
		{66D46AC0-8564-4CA8-9B17-CB34350F3ECB}.Release|iPhoneSimulator.Deploy.0 = Release|Any CPU
		{66D46AC0-8564-4CA8-9B17-CB34350F3ECB}.Release|x64.ActiveCfg = Release|Any CPU
		{66D46AC0-8564-4CA8-9B17-CB34350F3ECB}.Release|x86.ActiveCfg = Release|Any CPU
		{66D46AC0-8564-4CA8-9B17-CB34350F3ECB}.Release|x86.Build.0 = Release|Any CPU
		{66D46AC0-8564-4CA8-9B17-CB34350F3ECB}.Release|x86.Deploy.0 = Release|Any CPU
		{B9F6FD66-5946-44CE-A028-8B9C254ED121}.Android|Any CPU.ActiveCfg = Android|iPhone
		{B9F6FD66-5946-44CE-A028-8B9C254ED121}.Android|ARM.ActiveCfg = Android|iPhone
		{B9F6FD66-5946-44CE-A028-8B9C254ED121}.Android|iPhone.ActiveCfg = Android|iPhone
		{B9F6FD66-5946-44CE-A028-8B9C254ED121}.Android|iPhoneSimulator.ActiveCfg = Android|iPhoneSimulator
		{B9F6FD66-5946-44CE-A028-8B9C254ED121}.Android|x64.ActiveCfg = Android|iPhone
		{B9F6FD66-5946-44CE-A028-8B9C254ED121}.Android|x86.ActiveCfg = Android|iPhone
		{B9F6FD66-5946-44CE-A028-8B9C254ED121}.Debug|Any CPU.ActiveCfg = Debug|iPhone
		{B9F6FD66-5946-44CE-A028-8B9C254ED121}.Debug|ARM.ActiveCfg = Debug|iPhone
		{B9F6FD66-5946-44CE-A028-8B9C254ED121}.Debug|iPhone.ActiveCfg = Debug|iPhone
		{B9F6FD66-5946-44CE-A028-8B9C254ED121}.Debug|iPhone.Build.0 = Debug|iPhone
		{B9F6FD66-5946-44CE-A028-8B9C254ED121}.Debug|iPhoneSimulator.ActiveCfg = Debug|iPhoneSimulator
		{B9F6FD66-5946-44CE-A028-8B9C254ED121}.Debug|iPhoneSimulator.Build.0 = Debug|iPhoneSimulator
		{B9F6FD66-5946-44CE-A028-8B9C254ED121}.Debug|x64.ActiveCfg = Debug|iPhone
		{B9F6FD66-5946-44CE-A028-8B9C254ED121}.Debug|x86.ActiveCfg = Debug|iPhone
		{B9F6FD66-5946-44CE-A028-8B9C254ED121}.Release|Any CPU.ActiveCfg = Release|iPhone
		{B9F6FD66-5946-44CE-A028-8B9C254ED121}.Release|ARM.ActiveCfg = Release|iPhone
		{B9F6FD66-5946-44CE-A028-8B9C254ED121}.Release|iPhone.ActiveCfg = Release|iPhone
		{B9F6FD66-5946-44CE-A028-8B9C254ED121}.Release|iPhone.Build.0 = Release|iPhone
		{B9F6FD66-5946-44CE-A028-8B9C254ED121}.Release|iPhoneSimulator.ActiveCfg = Release|iPhoneSimulator
		{B9F6FD66-5946-44CE-A028-8B9C254ED121}.Release|iPhoneSimulator.Build.0 = Release|iPhoneSimulator
		{B9F6FD66-5946-44CE-A028-8B9C254ED121}.Release|x64.ActiveCfg = Release|iPhone
		{B9F6FD66-5946-44CE-A028-8B9C254ED121}.Release|x86.ActiveCfg = Release|iPhone
		{DD82A91C-1852-43C5-9E9F-420F2900C052}.Android|Any CPU.ActiveCfg = Release|x64
		{DD82A91C-1852-43C5-9E9F-420F2900C052}.Android|ARM.ActiveCfg = Release|ARM
		{DD82A91C-1852-43C5-9E9F-420F2900C052}.Android|iPhone.ActiveCfg = Release|x64
		{DD82A91C-1852-43C5-9E9F-420F2900C052}.Android|iPhoneSimulator.ActiveCfg = Release|x64
		{DD82A91C-1852-43C5-9E9F-420F2900C052}.Android|x64.ActiveCfg = Release|x64
		{DD82A91C-1852-43C5-9E9F-420F2900C052}.Android|x86.ActiveCfg = Release|x86
		{DD82A91C-1852-43C5-9E9F-420F2900C052}.Debug|Any CPU.ActiveCfg = Debug|x86
		{DD82A91C-1852-43C5-9E9F-420F2900C052}.Debug|ARM.ActiveCfg = Debug|ARM
		{DD82A91C-1852-43C5-9E9F-420F2900C052}.Debug|ARM.Build.0 = Debug|ARM
		{DD82A91C-1852-43C5-9E9F-420F2900C052}.Debug|ARM.Deploy.0 = Debug|ARM
		{DD82A91C-1852-43C5-9E9F-420F2900C052}.Debug|iPhone.ActiveCfg = Debug|x86
		{DD82A91C-1852-43C5-9E9F-420F2900C052}.Debug|iPhoneSimulator.ActiveCfg = Debug|x86
		{DD82A91C-1852-43C5-9E9F-420F2900C052}.Debug|x64.ActiveCfg = Debug|x64
		{DD82A91C-1852-43C5-9E9F-420F2900C052}.Debug|x64.Build.0 = Debug|x64
		{DD82A91C-1852-43C5-9E9F-420F2900C052}.Debug|x64.Deploy.0 = Debug|x64
		{DD82A91C-1852-43C5-9E9F-420F2900C052}.Debug|x86.ActiveCfg = Debug|x86
		{DD82A91C-1852-43C5-9E9F-420F2900C052}.Debug|x86.Build.0 = Debug|x86
		{DD82A91C-1852-43C5-9E9F-420F2900C052}.Debug|x86.Deploy.0 = Debug|x86
		{DD82A91C-1852-43C5-9E9F-420F2900C052}.Release|Any CPU.ActiveCfg = Release|x86
		{DD82A91C-1852-43C5-9E9F-420F2900C052}.Release|ARM.ActiveCfg = Release|ARM
		{DD82A91C-1852-43C5-9E9F-420F2900C052}.Release|ARM.Build.0 = Release|ARM
		{DD82A91C-1852-43C5-9E9F-420F2900C052}.Release|ARM.Deploy.0 = Release|ARM
		{DD82A91C-1852-43C5-9E9F-420F2900C052}.Release|iPhone.ActiveCfg = Release|x86
		{DD82A91C-1852-43C5-9E9F-420F2900C052}.Release|iPhoneSimulator.ActiveCfg = Release|x86
		{DD82A91C-1852-43C5-9E9F-420F2900C052}.Release|x64.ActiveCfg = Release|x64
		{DD82A91C-1852-43C5-9E9F-420F2900C052}.Release|x64.Build.0 = Release|x64
		{DD82A91C-1852-43C5-9E9F-420F2900C052}.Release|x64.Deploy.0 = Release|x64
		{DD82A91C-1852-43C5-9E9F-420F2900C052}.Release|x86.ActiveCfg = Release|x86
		{DD82A91C-1852-43C5-9E9F-420F2900C052}.Release|x86.Build.0 = Release|x86
		{DD82A91C-1852-43C5-9E9F-420F2900C052}.Release|x86.Deploy.0 = Release|x86
		{30FF38FE-A693-4CFE-8F0E-42FB6C6DC8F0}.Android|Any CPU.ActiveCfg = Android|Any CPU
		{30FF38FE-A693-4CFE-8F0E-42FB6C6DC8F0}.Android|ARM.ActiveCfg = Android|Any CPU
		{30FF38FE-A693-4CFE-8F0E-42FB6C6DC8F0}.Android|ARM.Build.0 = Android|Any CPU
		{30FF38FE-A693-4CFE-8F0E-42FB6C6DC8F0}.Android|iPhone.ActiveCfg = Android|Any CPU
		{30FF38FE-A693-4CFE-8F0E-42FB6C6DC8F0}.Android|iPhone.Build.0 = Android|Any CPU
		{30FF38FE-A693-4CFE-8F0E-42FB6C6DC8F0}.Android|iPhoneSimulator.ActiveCfg = Android|Any CPU
		{30FF38FE-A693-4CFE-8F0E-42FB6C6DC8F0}.Android|iPhoneSimulator.Build.0 = Android|Any CPU
		{30FF38FE-A693-4CFE-8F0E-42FB6C6DC8F0}.Android|x64.ActiveCfg = Android|Any CPU
		{30FF38FE-A693-4CFE-8F0E-42FB6C6DC8F0}.Android|x86.ActiveCfg = Android|Any CPU
		{30FF38FE-A693-4CFE-8F0E-42FB6C6DC8F0}.Android|x86.Build.0 = Android|Any CPU
		{30FF38FE-A693-4CFE-8F0E-42FB6C6DC8F0}.Debug|Any CPU.ActiveCfg = Debug|Any CPU
		{30FF38FE-A693-4CFE-8F0E-42FB6C6DC8F0}.Debug|Any CPU.Build.0 = Debug|Any CPU
		{30FF38FE-A693-4CFE-8F0E-42FB6C6DC8F0}.Debug|ARM.ActiveCfg = Debug|Any CPU
		{30FF38FE-A693-4CFE-8F0E-42FB6C6DC8F0}.Debug|ARM.Build.0 = Debug|Any CPU
		{30FF38FE-A693-4CFE-8F0E-42FB6C6DC8F0}.Debug|iPhone.ActiveCfg = Debug|Any CPU
		{30FF38FE-A693-4CFE-8F0E-42FB6C6DC8F0}.Debug|iPhone.Build.0 = Debug|Any CPU
		{30FF38FE-A693-4CFE-8F0E-42FB6C6DC8F0}.Debug|iPhoneSimulator.ActiveCfg = Debug|Any CPU
		{30FF38FE-A693-4CFE-8F0E-42FB6C6DC8F0}.Debug|iPhoneSimulator.Build.0 = Debug|Any CPU
		{30FF38FE-A693-4CFE-8F0E-42FB6C6DC8F0}.Debug|x64.ActiveCfg = Debug|Any CPU
		{30FF38FE-A693-4CFE-8F0E-42FB6C6DC8F0}.Debug|x64.Build.0 = Debug|Any CPU
		{30FF38FE-A693-4CFE-8F0E-42FB6C6DC8F0}.Debug|x86.ActiveCfg = Debug|Any CPU
		{30FF38FE-A693-4CFE-8F0E-42FB6C6DC8F0}.Debug|x86.Build.0 = Debug|Any CPU
		{30FF38FE-A693-4CFE-8F0E-42FB6C6DC8F0}.Release|Any CPU.ActiveCfg = Release|Any CPU
		{30FF38FE-A693-4CFE-8F0E-42FB6C6DC8F0}.Release|Any CPU.Build.0 = Release|Any CPU
		{30FF38FE-A693-4CFE-8F0E-42FB6C6DC8F0}.Release|ARM.ActiveCfg = Release|Any CPU
		{30FF38FE-A693-4CFE-8F0E-42FB6C6DC8F0}.Release|ARM.Build.0 = Release|Any CPU
		{30FF38FE-A693-4CFE-8F0E-42FB6C6DC8F0}.Release|iPhone.ActiveCfg = Release|Any CPU
		{30FF38FE-A693-4CFE-8F0E-42FB6C6DC8F0}.Release|iPhone.Build.0 = Release|Any CPU
		{30FF38FE-A693-4CFE-8F0E-42FB6C6DC8F0}.Release|iPhoneSimulator.ActiveCfg = Release|Any CPU
		{30FF38FE-A693-4CFE-8F0E-42FB6C6DC8F0}.Release|iPhoneSimulator.Build.0 = Release|Any CPU
		{30FF38FE-A693-4CFE-8F0E-42FB6C6DC8F0}.Release|x64.ActiveCfg = Release|Any CPU
		{30FF38FE-A693-4CFE-8F0E-42FB6C6DC8F0}.Release|x64.Build.0 = Release|Any CPU
		{30FF38FE-A693-4CFE-8F0E-42FB6C6DC8F0}.Release|x86.ActiveCfg = Release|Any CPU
		{30FF38FE-A693-4CFE-8F0E-42FB6C6DC8F0}.Release|x86.Build.0 = Release|Any CPU
	EndGlobalSection
	GlobalSection(SolutionProperties) = preSolution
		HideSolutionNode = FALSE
	EndGlobalSection
	GlobalSection(ExtensibilityGlobals) = postSolution
		SolutionGuid = {EB1335E3-76E8-452A-B9B5-A4606B529D08}
	EndGlobalSection
EndGlobal
